
Microsoft Visual Studio Solution File, Format Version 12.00
# Visual Studio Version 17
VisualStudioVersion = 17.5.2.0
MinimumVisualStudioVersion = 10.0.40219.1
Project("{FAE04EC0-301F-11D3-BF4B-00C04F79EFBC}") = "FasterNFaster.Api", "FasterNFaster.Api.csproj", "{36951267-E4A3-2940-EE41-6D2EEA2C3B34}"
EndProject
Project("{FAE04EC0-301F-11D3-BF4B-00C04F79EFBC}") = "FasterNFaster.Tests", "..\fasternfaster.tests\FasterNFaster.Tests.csproj", "{81394F16-65B4-4846-BC58-0B33CEEAB867}"
EndProject
Global
	GlobalSection(SolutionConfigurationPlatforms) = preSolution
		Debug|Any CPU = Debug|Any CPU
		Debug|x64 = Debug|x64
		Debug|x86 = Debug|x86
		Release|Any CPU = Release|Any CPU
		Release|x64 = Release|x64
		Release|x86 = Release|x86
	EndGlobalSection
	GlobalSection(ProjectConfigurationPlatforms) = postSolution
		{36951267-E4A3-2940-EE41-6D2EEA2C3B34}.Debug|Any CPU.ActiveCfg = Debug|Any CPU
		{36951267-E4A3-2940-EE41-6D2EEA2C3B34}.Debug|Any CPU.Build.0 = Debug|Any CPU
		{36951267-E4A3-2940-EE41-6D2EEA2C3B34}.Debug|x64.ActiveCfg = Debug|Any CPU
		{36951267-E4A3-2940-EE41-6D2EEA2C3B34}.Debug|x64.Build.0 = Debug|Any CPU
		{36951267-E4A3-2940-EE41-6D2EEA2C3B34}.Debug|x86.ActiveCfg = Debug|Any CPU
		{36951267-E4A3-2940-EE41-6D2EEA2C3B34}.Debug|x86.Build.0 = Debug|Any CPU
		{36951267-E4A3-2940-EE41-6D2EEA2C3B34}.Release|Any CPU.ActiveCfg = Release|Any CPU
		{36951267-E4A3-2940-EE41-6D2EEA2C3B34}.Release|Any CPU.Build.0 = Release|Any CPU
		{36951267-E4A3-2940-EE41-6D2EEA2C3B34}.Release|x64.ActiveCfg = Release|Any CPU
		{36951267-E4A3-2940-EE41-6D2EEA2C3B34}.Release|x64.Build.0 = Release|Any CPU
		{36951267-E4A3-2940-EE41-6D2EEA2C3B34}.Release|x86.ActiveCfg = Release|Any CPU
		{36951267-E4A3-2940-EE41-6D2EEA2C3B34}.Release|x86.Build.0 = Release|Any CPU
		{81394F16-65B4-4846-BC58-0B33CEEAB867}.Debug|Any CPU.ActiveCfg = Debug|Any CPU
		{81394F16-65B4-4846-BC58-0B33CEEAB867}.Debug|Any CPU.Build.0 = Debug|Any CPU
		{81394F16-65B4-4846-BC58-0B33CEEAB867}.Debug|x64.ActiveCfg = Debug|Any CPU
		{81394F16-65B4-4846-BC58-0B33CEEAB867}.Debug|x64.Build.0 = Debug|Any CPU
		{81394F16-65B4-4846-BC58-0B33CEEAB867}.Debug|x86.ActiveCfg = Debug|Any CPU
		{81394F16-65B4-4846-BC58-0B33CEEAB867}.Debug|x86.Build.0 = Debug|Any CPU
		{81394F16-65B4-4846-BC58-0B33CEEAB867}.Release|Any CPU.ActiveCfg = Release|Any CPU
		{81394F16-65B4-4846-BC58-0B33CEEAB867}.Release|Any CPU.Build.0 = Release|Any CPU
		{81394F16-65B4-4846-BC58-0B33CEEAB867}.Release|x64.ActiveCfg = Release|Any CPU
		{81394F16-65B4-4846-BC58-0B33CEEAB867}.Release|x64.Build.0 = Release|Any CPU
		{81394F16-65B4-4846-BC58-0B33CEEAB867}.Release|x86.ActiveCfg = Release|Any CPU
		{81394F16-65B4-4846-BC58-0B33CEEAB867}.Release|x86.Build.0 = Release|Any CPU
	EndGlobalSection
	GlobalSection(SolutionProperties) = preSolution
		HideSolutionNode = FALSE
	EndGlobalSection
	GlobalSection(ExtensibilityGlobals) = postSolution
		SolutionGuid = {1443C459-2461-45E2-8ADB-6B09475E3A06}
	EndGlobalSection
EndGlobal
